
Microsoft Visual Studio Solution File, Format Version 12.00
# Visual Studio Version 17
VisualStudioVersion = 17.9.34622.214
MinimumVisualStudioVersion = 10.0.40219.1
Project("{FAE04EC0-301F-11D3-BF4B-00C04F79EFBC}") = "TP_MOD_4", "TP_MOD_4\TP_MOD_4.csproj", "{C833517A-F1C9-4F6B-8BA4-F4C225DD0926}"
EndProject
Global
	GlobalSection(SolutionConfigurationPlatforms) = preSolution
		Debug|Any CPU = Debug|Any CPU
		Release|Any CPU = Release|Any CPU
	EndGlobalSection
	GlobalSection(ProjectConfigurationPlatforms) = postSolution
		{C833517A-F1C9-4F6B-8BA4-F4C225DD0926}.Debug|Any CPU.ActiveCfg = Debug|Any CPU
		{C833517A-F1C9-4F6B-8BA4-F4C225DD0926}.Debug|Any CPU.Build.0 = Debug|Any CPU
		{C833517A-F1C9-4F6B-8BA4-F4C225DD0926}.Release|Any CPU.ActiveCfg = Release|Any CPU
		{C833517A-F1C9-4F6B-8BA4-F4C225DD0926}.Release|Any CPU.Build.0 = Release|Any CPU
	EndGlobalSection
	GlobalSection(SolutionProperties) = preSolution
		HideSolutionNode = FALSE
	EndGlobalSection
	GlobalSection(ExtensibilityGlobals) = postSolution
		SolutionGuid = {A0654B7A-03A2-4F05-ACEB-F89511140332}
	EndGlobalSection
EndGlobal
